
Microsoft Visual Studio Solution File, Format Version 12.00
# Visual Studio Version 17
VisualStudioVersion = 17.0.32112.339
MinimumVisualStudioVersion = 10.0.40219.1
Project("{FAE04EC0-301F-11D3-BF4B-00C04F79EFBC}") = "Ex.1", "LISTA-02.ConsoleApp\Ex.1.csproj", "{27AAC016-D7BB-4C63-9F7B-0D8DB3ADDBDE}"
EndProject
Project("{FAE04EC0-301F-11D3-BF4B-00C04F79EFBC}") = "Ex.2", "Ex.2\Ex.2.csproj", "{5357A902-F0C1-48F8-96DF-B7648E3FD563}"
EndProject
Project("{FAE04EC0-301F-11D3-BF4B-00C04F79EFBC}") = "Ex.3", "Ex.3\Ex.3.csproj", "{27E020B4-9287-451D-9946-219E4B21CFE1}"
EndProject
Project("{FAE04EC0-301F-11D3-BF4B-00C04F79EFBC}") = "Ex.4", "Ex.4\Ex.4.csproj", "{059F61CC-DF16-4990-BC8B-6B1C181EAE5C}"
EndProject
Project("{FAE04EC0-301F-11D3-BF4B-00C04F79EFBC}") = "Ex.5", "Ex.5\Ex.5.csproj", "{3CFBAA7F-3C8E-4D6D-9FE2-83281D3FB6B7}"
EndProject
Global
	GlobalSection(SolutionConfigurationPlatforms) = preSolution
		Debug|Any CPU = Debug|Any CPU
		Release|Any CPU = Release|Any CPU
	EndGlobalSection
	GlobalSection(ProjectConfigurationPlatforms) = postSolution
		{27AAC016-D7BB-4C63-9F7B-0D8DB3ADDBDE}.Debug|Any CPU.ActiveCfg = Debug|Any CPU
		{27AAC016-D7BB-4C63-9F7B-0D8DB3ADDBDE}.Debug|Any CPU.Build.0 = Debug|Any CPU
		{27AAC016-D7BB-4C63-9F7B-0D8DB3ADDBDE}.Release|Any CPU.ActiveCfg = Release|Any CPU
		{27AAC016-D7BB-4C63-9F7B-0D8DB3ADDBDE}.Release|Any CPU.Build.0 = Release|Any CPU
		{5357A902-F0C1-48F8-96DF-B7648E3FD563}.Debug|Any CPU.ActiveCfg = Debug|Any CPU
		{5357A902-F0C1-48F8-96DF-B7648E3FD563}.Debug|Any CPU.Build.0 = Debug|Any CPU
		{5357A902-F0C1-48F8-96DF-B7648E3FD563}.Release|Any CPU.ActiveCfg = Release|Any CPU
		{5357A902-F0C1-48F8-96DF-B7648E3FD563}.Release|Any CPU.Build.0 = Release|Any CPU
		{27E020B4-9287-451D-9946-219E4B21CFE1}.Debug|Any CPU.ActiveCfg = Debug|Any CPU
		{27E020B4-9287-451D-9946-219E4B21CFE1}.Debug|Any CPU.Build.0 = Debug|Any CPU
		{27E020B4-9287-451D-9946-219E4B21CFE1}.Release|Any CPU.ActiveCfg = Release|Any CPU
		{27E020B4-9287-451D-9946-219E4B21CFE1}.Release|Any CPU.Build.0 = Release|Any CPU
		{059F61CC-DF16-4990-BC8B-6B1C181EAE5C}.Debug|Any CPU.ActiveCfg = Debug|Any CPU
		{059F61CC-DF16-4990-BC8B-6B1C181EAE5C}.Debug|Any CPU.Build.0 = Debug|Any CPU
		{059F61CC-DF16-4990-BC8B-6B1C181EAE5C}.Release|Any CPU.ActiveCfg = Release|Any CPU
		{059F61CC-DF16-4990-BC8B-6B1C181EAE5C}.Release|Any CPU.Build.0 = Release|Any CPU
		{3CFBAA7F-3C8E-4D6D-9FE2-83281D3FB6B7}.Debug|Any CPU.ActiveCfg = Debug|Any CPU
		{3CFBAA7F-3C8E-4D6D-9FE2-83281D3FB6B7}.Debug|Any CPU.Build.0 = Debug|Any CPU
		{3CFBAA7F-3C8E-4D6D-9FE2-83281D3FB6B7}.Release|Any CPU.ActiveCfg = Release|Any CPU
		{3CFBAA7F-3C8E-4D6D-9FE2-83281D3FB6B7}.Release|Any CPU.Build.0 = Release|Any CPU
	EndGlobalSection
	GlobalSection(SolutionProperties) = preSolution
		HideSolutionNode = FALSE
	EndGlobalSection
	GlobalSection(ExtensibilityGlobals) = postSolution
		SolutionGuid = {1D8A7128-AF80-4DCA-84AD-D2E0D79A6816}
	EndGlobalSection
EndGlobal
